// !$*UTF8*$!
{
	archiveVersion = 1;
	classes = {
	};
	objectVersion = 55;
	objects = {

/* Begin PBXBuildFile section */
		97BAEDC4272E4FAE0060A049 /* AppDelegate.swift in Sources */ = {isa = PBXBuildFile; fileRef = 97BAEDC3272E4FAE0060A049 /* AppDelegate.swift */; };
		97BAEDC6272E4FAE0060A049 /* SceneDelegate.swift in Sources */ = {isa = PBXBuildFile; fileRef = 97BAEDC5272E4FAE0060A049 /* SceneDelegate.swift */; };
		97BAEDC8272E4FAE0060A049 /* ViewController.swift in Sources */ = {isa = PBXBuildFile; fileRef = 97BAEDC7272E4FAE0060A049 /* ViewController.swift */; };
		97BAEDCB272E4FAE0060A049 /* Main.storyboard in Resources */ = {isa = PBXBuildFile; fileRef = 97BAEDC9272E4FAE0060A049 /* Main.storyboard */; };
		97BAEDCD272E4FB00060A049 /* Assets.xcassets in Resources */ = {isa = PBXBuildFile; fileRef = 97BAEDCC272E4FB00060A049 /* Assets.xcassets */; };
		97BAEDD0272E4FB00060A049 /* LaunchScreen.storyboard in Resources */ = {isa = PBXBuildFile; fileRef = 97BAEDCE272E4FB00060A049 /* LaunchScreen.storyboard */; };
		97BAEDDB272E4FB00060A049 /* TableViewAppTests.swift in Sources */ = {isa = PBXBuildFile; fileRef = 97BAEDDA272E4FB00060A049 /* TableViewAppTests.swift */; };
		97BAEDE5272E4FB00060A049 /* TableViewAppUITests.swift in Sources */ = {isa = PBXBuildFile; fileRef = 97BAEDE4272E4FB00060A049 /* TableViewAppUITests.swift */; };
		97BAEDE7272E4FB00060A049 /* TableViewAppUITestsLaunchTests.swift in Sources */ = {isa = PBXBuildFile; fileRef = 97BAEDE6272E4FB00060A049 /* TableViewAppUITestsLaunchTests.swift */; };
		97BAEDF4272E564A0060A049 /* TableViewController.swift in Sources */ = {isa = PBXBuildFile; fileRef = 97BAEDF3272E564A0060A049 /* TableViewController.swift */; };
		97BAEDF6272E64830060A049 /* AddListViewController.swift in Sources */ = {isa = PBXBuildFile; fileRef = 97BAEDF5272E64830060A049 /* AddListViewController.swift */; };
/* End PBXBuildFile section */

/* Begin PBXContainerItemProxy section */
		97BAEDD7272E4FB00060A049 /* PBXContainerItemProxy */ = {
			isa = PBXContainerItemProxy;
			containerPortal = 97BAEDB8272E4FAE0060A049 /* Project object */;
			proxyType = 1;
			remoteGlobalIDString = 97BAEDBF272E4FAE0060A049;
			remoteInfo = TableViewApp;
		};
		97BAEDE1272E4FB00060A049 /* PBXContainerItemProxy */ = {
			isa = PBXContainerItemProxy;
			containerPortal = 97BAEDB8272E4FAE0060A049 /* Project object */;
			proxyType = 1;
			remoteGlobalIDString = 97BAEDBF272E4FAE0060A049;
			remoteInfo = TableViewApp;
		};
/* End PBXContainerItemProxy section */

/* Begin PBXFileReference section */
		97BAEDC0272E4FAE0060A049 /* TableViewApp.app */ = {isa = PBXFileReference; explicitFileType = wrapper.application; includeInIndex = 0; path = TableViewApp.app; sourceTree = BUILT_PRODUCTS_DIR; };
		97BAEDC3272E4FAE0060A049 /* AppDelegate.swift */ = {isa = PBXFileReference; lastKnownFileType = sourcecode.swift; path = AppDelegate.swift; sourceTree = "<group>"; };
		97BAEDC5272E4FAE0060A049 /* SceneDelegate.swift */ = {isa = PBXFileReference; lastKnownFileType = sourcecode.swift; path = SceneDelegate.swift; sourceTree = "<group>"; };
		97BAEDC7272E4FAE0060A049 /* ViewController.swift */ = {isa = PBXFileReference; lastKnownFileType = sourcecode.swift; path = ViewController.swift; sourceTree = "<group>"; };
		97BAEDCA272E4FAE0060A049 /* Base */ = {isa = PBXFileReference; lastKnownFileType = file.storyboard; name = Base; path = Base.lproj/Main.storyboard; sourceTree = "<group>"; };
		97BAEDCC272E4FB00060A049 /* Assets.xcassets */ = {isa = PBXFileReference; lastKnownFileType = folder.assetcatalog; path = Assets.xcassets; sourceTree = "<group>"; };
		97BAEDCF272E4FB00060A049 /* Base */ = {isa = PBXFileReference; lastKnownFileType = file.storyboard; name = Base; path = Base.lproj/LaunchScreen.storyboard; sourceTree = "<group>"; };
		97BAEDD1272E4FB00060A049 /* Info.plist */ = {isa = PBXFileReference; lastKnownFileType = text.plist.xml; path = Info.plist; sourceTree = "<group>"; };
		97BAEDD6272E4FB00060A049 /* TableViewAppTests.xctest */ = {isa = PBXFileReference; explicitFileType = wrapper.cfbundle; includeInIndex = 0; path = TableViewAppTests.xctest; sourceTree = BUILT_PRODUCTS_DIR; };
		97BAEDDA272E4FB00060A049 /* TableViewAppTests.swift */ = {isa = PBXFileReference; lastKnownFileType = sourcecode.swift; path = TableViewAppTests.swift; sourceTree = "<group>"; };
		97BAEDE0272E4FB00060A049 /* TableViewAppUITests.xctest */ = {isa = PBXFileReference; explicitFileType = wrapper.cfbundle; includeInIndex = 0; path = TableViewAppUITests.xctest; sourceTree = BUILT_PRODUCTS_DIR; };
		97BAEDE4272E4FB00060A049 /* TableViewAppUITests.swift */ = {isa = PBXFileReference; lastKnownFileType = sourcecode.swift; path = TableViewAppUITests.swift; sourceTree = "<group>"; };
		97BAEDE6272E4FB00060A049 /* TableViewAppUITestsLaunchTests.swift */ = {isa = PBXFileReference; lastKnownFileType = sourcecode.swift; path = TableViewAppUITestsLaunchTests.swift; sourceTree = "<group>"; };
		97BAEDF3272E564A0060A049 /* TableViewController.swift */ = {isa = PBXFileReference; lastKnownFileType = sourcecode.swift; path = TableViewController.swift; sourceTree = "<group>"; };
		97BAEDF5272E64830060A049 /* AddListViewController.swift */ = {isa = PBXFileReference; lastKnownFileType = sourcecode.swift; path = AddListViewController.swift; sourceTree = "<group>"; };
/* End PBXFileReference section */

/* Begin PBXFrameworksBuildPhase section */
		97BAEDBD272E4FAE0060A049 /* Frameworks */ = {
			isa = PBXFrameworksBuildPhase;
			buildActionMask = 2147483647;
			files = (
			);
			runOnlyForDeploymentPostprocessing = 0;
		};
		97BAEDD3272E4FB00060A049 /* Frameworks */ = {
			isa = PBXFrameworksBuildPhase;
			buildActionMask = 2147483647;
			files = (
			);
			runOnlyForDeploymentPostprocessing = 0;
		};
		97BAEDDD272E4FB00060A049 /* Frameworks */ = {
			isa = PBXFrameworksBuildPhase;
			buildActionMask = 2147483647;
			files = (
			);
			runOnlyForDeploymentPostprocessing = 0;
		};
/* End PBXFrameworksBuildPhase section */

/* Begin PBXGroup section */
		97BAEDB7272E4FAE0060A049 = {
			isa = PBXGroup;
			children = (
				97BAEDC2272E4FAE0060A049 /* TableViewApp */,
				97BAEDD9272E4FB00060A049 /* TableViewAppTests */,
				97BAEDE3272E4FB00060A049 /* TableViewAppUITests */,
				97BAEDC1272E4FAE0060A049 /* Products */,
			);
			sourceTree = "<group>";
		};
		97BAEDC1272E4FAE0060A049 /* Products */ = {
			isa = PBXGroup;
			children = (
				97BAEDC0272E4FAE0060A049 /* TableViewApp.app */,
				97BAEDD6272E4FB00060A049 /* TableViewAppTests.xctest */,
				97BAEDE0272E4FB00060A049 /* TableViewAppUITests.xctest */,
			);
			name = Products;
			sourceTree = "<group>";
		};
		97BAEDC2272E4FAE0060A049 /* TableViewApp */ = {
			isa = PBXGroup;
			children = (
				97BAEDC3272E4FAE0060A049 /* AppDelegate.swift */,
				97BAEDC5272E4FAE0060A049 /* SceneDelegate.swift */,
				97BAEDC7272E4FAE0060A049 /* ViewController.swift */,
				97BAEDC9272E4FAE0060A049 /* Main.storyboard */,
				97BAEDCC272E4FB00060A049 /* Assets.xcassets */,
				97BAEDCE272E4FB00060A049 /* LaunchScreen.storyboard */,
				97BAEDD1272E4FB00060A049 /* Info.plist */,
				97BAEDF3272E564A0060A049 /* TableViewController.swift */,
				97BAEDF5272E64830060A049 /* AddListViewController.swift */,
			);
			path = TableViewApp;
			sourceTree = "<group>";
		};
		97BAEDD9272E4FB00060A049 /* TableViewAppTests */ = {
			isa = PBXGroup;
			children = (
				97BAEDDA272E4FB00060A049 /* TableViewAppTests.swift */,
			);
			path = TableViewAppTests;
			sourceTree = "<group>";
		};
		97BAEDE3272E4FB00060A049 /* TableViewAppUITests */ = {
			isa = PBXGroup;
			children = (
				97BAEDE4272E4FB00060A049 /* TableViewAppUITests.swift */,
				97BAEDE6272E4FB00060A049 /* TableViewAppUITestsLaunchTests.swift */,
			);
			path = TableViewAppUITests;
			sourceTree = "<group>";
		};
/* End PBXGroup section */

/* Begin PBXNativeTarget section */
		97BAEDBF272E4FAE0060A049 /* TableViewApp */ = {
			isa = PBXNativeTarget;
			buildConfigurationList = 97BAEDEA272E4FB00060A049 /* Build configuration list for PBXNativeTarget "TableViewApp" */;
			buildPhases = (
				97BAEDBC272E4FAE0060A049 /* Sources */,
				97BAEDBD272E4FAE0060A049 /* Frameworks */,
				97BAEDBE272E4FAE0060A049 /* Resources */,
			);
			buildRules = (
			);
			dependencies = (
			);
			name = TableViewApp;
			productName = TableViewApp;
			productReference = 97BAEDC0272E4FAE0060A049 /* TableViewApp.app */;
			productType = "com.apple.product-type.application";
		};
		97BAEDD5272E4FB00060A049 /* TableViewAppTests */ = {
			isa = PBXNativeTarget;
			buildConfigurationList = 97BAEDED272E4FB00060A049 /* Build configuration list for PBXNativeTarget "TableViewAppTests" */;
			buildPhases = (
				97BAEDD2272E4FB00060A049 /* Sources */,
				97BAEDD3272E4FB00060A049 /* Frameworks */,
				97BAEDD4272E4FB00060A049 /* Resources */,
			);
			buildRules = (
			);
			dependencies = (
				97BAEDD8272E4FB00060A049 /* PBXTargetDependency */,
			);
			name = TableViewAppTests;
			productName = TableViewAppTests;
			productReference = 97BAEDD6272E4FB00060A049 /* TableViewAppTests.xctest */;
			productType = "com.apple.product-type.bundle.unit-test";
		};
		97BAEDDF272E4FB00060A049 /* TableViewAppUITests */ = {
			isa = PBXNativeTarget;
			buildConfigurationList = 97BAEDF0272E4FB00060A049 /* Build configuration list for PBXNativeTarget "TableViewAppUITests" */;
			buildPhases = (
				97BAEDDC272E4FB00060A049 /* Sources */,
				97BAEDDD272E4FB00060A049 /* Frameworks */,
				97BAEDDE272E4FB00060A049 /* Resources */,
			);
			buildRules = (
			);
			dependencies = (
				97BAEDE2272E4FB00060A049 /* PBXTargetDependency */,
			);
			name = TableViewAppUITests;
			productName = TableViewAppUITests;
			productReference = 97BAEDE0272E4FB00060A049 /* TableViewAppUITests.xctest */;
			productType = "com.apple.product-type.bundle.ui-testing";
		};
/* End PBXNativeTarget section */

/* Begin PBXProject section */
		97BAEDB8272E4FAE0060A049 /* Project object */ = {
			isa = PBXProject;
			attributes = {
				BuildIndependentTargetsInParallel = 1;
				LastSwiftUpdateCheck = 1300;
				LastUpgradeCheck = 1300;
				TargetAttributes = {
					97BAEDBF272E4FAE0060A049 = {
						CreatedOnToolsVersion = 13.0;
					};
					97BAEDD5272E4FB00060A049 = {
						CreatedOnToolsVersion = 13.0;
						TestTargetID = 97BAEDBF272E4FAE0060A049;
					};
					97BAEDDF272E4FB00060A049 = {
						CreatedOnToolsVersion = 13.0;
						TestTargetID = 97BAEDBF272E4FAE0060A049;
					};
				};
			};
			buildConfigurationList = 97BAEDBB272E4FAE0060A049 /* Build configuration list for PBXProject "TableViewApp" */;
			compatibilityVersion = "Xcode 13.0";
			developmentRegion = en;
			hasScannedForEncodings = 0;
			knownRegions = (
				en,
				Base,
			);
			mainGroup = 97BAEDB7272E4FAE0060A049;
			productRefGroup = 97BAEDC1272E4FAE0060A049 /* Products */;
			projectDirPath = "";
			projectRoot = "";
			targets = (
				97BAEDBF272E4FAE0060A049 /* TableViewApp */,
				97BAEDD5272E4FB00060A049 /* TableViewAppTests */,
				97BAEDDF272E4FB00060A049 /* TableViewAppUITests */,
			);
		};
/* End PBXProject section */

/* Begin PBXResourcesBuildPhase section */
		97BAEDBE272E4FAE0060A049 /* Resources */ = {
			isa = PBXResourcesBuildPhase;
			buildActionMask = 2147483647;
			files = (
				97BAEDD0272E4FB00060A049 /* LaunchScreen.storyboard in Resources */,
				97BAEDCD272E4FB00060A049 /* Assets.xcassets in Resources */,
				97BAEDCB272E4FAE0060A049 /* Main.storyboard in Resources */,
			);
			runOnlyForDeploymentPostprocessing = 0;
		};
		97BAEDD4272E4FB00060A049 /* Resources */ = {
			isa = PBXResourcesBuildPhase;
			buildActionMask = 2147483647;
			files = (
			);
			runOnlyForDeploymentPostprocessing = 0;
		};
		97BAEDDE272E4FB00060A049 /* Resources */ = {
			isa = PBXResourcesBuildPhase;
			buildActionMask = 2147483647;
			files = (
			);
			runOnlyForDeploymentPostprocessing = 0;
		};
/* End PBXResourcesBuildPhase section */

/* Begin PBXSourcesBuildPhase section */
		97BAEDBC272E4FAE0060A049 /* Sources */ = {
			isa = PBXSourcesBuildPhase;
			buildActionMask = 2147483647;
			files = (
				97BAEDC8272E4FAE0060A049 /* ViewController.swift in Sources */,
				97BAEDF6272E64830060A049 /* AddListViewController.swift in Sources */,
				97BAEDC4272E4FAE0060A049 /* AppDelegate.swift in Sources */,
				97BAEDC6272E4FAE0060A049 /* SceneDelegate.swift in Sources */,
				97BAEDF4272E564A0060A049 /* TableViewController.swift in Sources */,
			);
			runOnlyForDeploymentPostprocessing = 0;
		};
		97BAEDD2272E4FB00060A049 /* Sources */ = {
			isa = PBXSourcesBuildPhase;
			buildActionMask = 2147483647;
			files = (
				97BAEDDB272E4FB00060A049 /* TableViewAppTests.swift in Sources */,
			);
			runOnlyForDeploymentPostprocessing = 0;
		};
		97BAEDDC272E4FB00060A049 /* Sources */ = {
			isa = PBXSourcesBuildPhase;
			buildActionMask = 2147483647;
			files = (
				97BAEDE7272E4FB00060A049 /* TableViewAppUITestsLaunchTests.swift in Sources */,
				97BAEDE5272E4FB00060A049 /* TableViewAppUITests.swift in Sources */,
			);
			runOnlyForDeploymentPostprocessing = 0;
		};
/* End PBXSourcesBuildPhase section */

/* Begin PBXTargetDependency section */
		97BAEDD8272E4FB00060A049 /* PBXTargetDependency */ = {
			isa = PBXTargetDependency;
			target = 97BAEDBF272E4FAE0060A049 /* TableViewApp */;
			targetProxy = 97BAEDD7272E4FB00060A049 /* PBXContainerItemProxy */;
		};
		97BAEDE2272E4FB00060A049 /* PBXTargetDependency */ = {
			isa = PBXTargetDependency;
			target = 97BAEDBF272E4FAE0060A049 /* TableViewApp */;
			targetProxy = 97BAEDE1272E4FB00060A049 /* PBXContainerItemProxy */;
		};
/* End PBXTargetDependency section */

/* Begin PBXVariantGroup section */
		97BAEDC9272E4FAE0060A049 /* Main.storyboard */ = {
			isa = PBXVariantGroup;
			children = (
				97BAEDCA272E4FAE0060A049 /* Base */,
			);
			name = Main.storyboard;
			sourceTree = "<group>";
		};
		97BAEDCE272E4FB00060A049 /* LaunchScreen.storyboard */ = {
			isa = PBXVariantGroup;
			children = (
				97BAEDCF272E4FB00060A049 /* Base */,
			);
			name = LaunchScreen.storyboard;
			sourceTree = "<group>";
		};
/* End PBXVariantGroup section */

/* Begin XCBuildConfiguration section */
		97BAEDE8272E4FB00060A049 /* Debug */ = {
			isa = XCBuildConfiguration;
			buildSettings = {
				ALWAYS_SEARCH_USER_PATHS = NO;
				CLANG_ANALYZER_NONNULL = YES;
				CLANG_ANALYZER_NUMBER_OBJECT_CONVERSION = YES_AGGRESSIVE;
				CLANG_CXX_LANGUAGE_STANDARD = "gnu++17";
				CLANG_CXX_LIBRARY = "libc++";
				CLANG_ENABLE_MODULES = YES;
				CLANG_ENABLE_OBJC_ARC = YES;
				CLANG_ENABLE_OBJC_WEAK = YES;
				CLANG_WARN_BLOCK_CAPTURE_AUTORELEASING = YES;
				CLANG_WARN_BOOL_CONVERSION = YES;
				CLANG_WARN_COMMA = YES;
				CLANG_WARN_CONSTANT_CONVERSION = YES;
				CLANG_WARN_DEPRECATED_OBJC_IMPLEMENTATIONS = YES;
				CLANG_WARN_DIRECT_OBJC_ISA_USAGE = YES_ERROR;
				CLANG_WARN_DOCUMENTATION_COMMENTS = YES;
				CLANG_WARN_EMPTY_BODY = YES;
				CLANG_WARN_ENUM_CONVERSION = YES;
				CLANG_WARN_INFINITE_RECURSION = YES;
				CLANG_WARN_INT_CONVERSION = YES;
				CLANG_WARN_NON_LITERAL_NULL_CONVERSION = YES;
				CLANG_WARN_OBJC_IMPLICIT_RETAIN_SELF = YES;
				CLANG_WARN_OBJC_LITERAL_CONVERSION = YES;
				CLANG_WARN_OBJC_ROOT_CLASS = YES_ERROR;
				CLANG_WARN_QUOTED_INCLUDE_IN_FRAMEWORK_HEADER = YES;
				CLANG_WARN_RANGE_LOOP_ANALYSIS = YES;
				CLANG_WARN_STRICT_PROTOTYPES = YES;
				CLANG_WARN_SUSPICIOUS_MOVE = YES;
				CLANG_WARN_UNGUARDED_AVAILABILITY = YES_AGGRESSIVE;
				CLANG_WARN_UNREACHABLE_CODE = YES;
				CLANG_WARN__DUPLICATE_METHOD_MATCH = YES;
				COPY_PHASE_STRIP = NO;
				DEBUG_INFORMATION_FORMAT = dwarf;
				ENABLE_STRICT_OBJC_MSGSEND = YES;
				ENABLE_TESTABILITY = YES;
				GCC_C_LANGUAGE_STANDARD = gnu11;
				GCC_DYNAMIC_NO_PIC = NO;
				GCC_NO_COMMON_BLOCKS = YES;
				GCC_OPTIMIZATION_LEVEL = 0;
				GCC_PREPROCESSOR_DEFINITIONS = (
					"DEBUG=1",
					"$(inherited)",
				);
				GCC_WARN_64_TO_32_BIT_CONVERSION = YES;
				GCC_WARN_ABOUT_RETURN_TYPE = YES_ERROR;
				GCC_WARN_UNDECLARED_SELECTOR = YES;
				GCC_WARN_UNINITIALIZED_AUTOS = YES_AGGRESSIVE;
				GCC_WARN_UNUSED_FUNCTION = YES;
				GCC_WARN_UNUSED_VARIABLE = YES;
				IPHONEOS_DEPLOYMENT_TARGET = 15.0;
				MTL_ENABLE_DEBUG_INFO = INCLUDE_SOURCE;
				MTL_FAST_MATH = YES;
				ONLY_ACTIVE_ARCH = YES;
				SDKROOT = iphoneos;
				SWIFT_ACTIVE_COMPILATION_CONDITIONS = DEBUG;
				SWIFT_OPTIMIZATION_LEVEL = "-Onone";
			};
			name = Debug;
		};
		97BAEDE9272E4FB00060A049 /* Release */ = {
			isa = XCBuildConfiguration;
			buildSettings = {
				ALWAYS_SEARCH_USER_PATHS = NO;
				CLANG_ANALYZER_NONNULL = YES;
				CLANG_ANALYZER_NUMBER_OBJECT_CONVERSION = YES_AGGRESSIVE;
				CLANG_CXX_LANGUAGE_STANDARD = "gnu++17";
				CLANG_CXX_LIBRARY = "libc++";
				CLANG_ENABLE_MODULES = YES;
				CLANG_ENABLE_OBJC_ARC = YES;
				CLANG_ENABLE_OBJC_WEAK = YES;
				CLANG_WARN_BLOCK_CAPTURE_AUTORELEASING = YES;
				CLANG_WARN_BOOL_CONVERSION = YES;
				CLANG_WARN_COMMA = YES;
				CLANG_WARN_CONSTANT_CONVERSION = YES;
				CLANG_WARN_DEPRECATED_OBJC_IMPLEMENTATIONS = YES;
				CLANG_WARN_DIRECT_OBJC_ISA_USAGE = YES_ERROR;
				CLANG_WARN_DOCUMENTATION_COMMENTS = YES;
				CLANG_WARN_EMPTY_BODY = YES;
				CLANG_WARN_ENUM_CONVERSION = YES;
				CLANG_WARN_INFINITE_RECURSION = YES;
				CLANG_WARN_INT_CONVERSION = YES;
				CLANG_WARN_NON_LITERAL_NULL_CONVERSION = YES;
				CLANG_WARN_OBJC_IMPLICIT_RETAIN_SELF = YES;
				CLANG_WARN_OBJC_LITERAL_CONVERSION = YES;
				CLANG_WARN_OBJC_ROOT_CLASS = YES_ERROR;
				CLANG_WARN_QUOTED_INCLUDE_IN_FRAMEWORK_HEADER = YES;
				CLANG_WARN_RANGE_LOOP_ANALYSIS = YES;
				CLANG_WARN_STRICT_PROTOTYPES = YES;
				CLANG_WARN_SUSPICIOUS_MOVE = YES;
				CLANG_WARN_UNGUARDED_AVAILABILITY = YES_AGGRESSIVE;
				CLANG_WARN_UNREACHABLE_CODE = YES;
				CLANG_WARN__DUPLICATE_METHOD_MATCH = YES;
				COPY_PHASE_STRIP = NO;
				DEBUG_INFORMATION_FORMAT = "dwarf-with-dsym";
				ENABLE_NS_ASSERTIONS = NO;
				ENABLE_STRICT_OBJC_MSGSEND = YES;
				GCC_C_LANGUAGE_STANDARD = gnu11;
				GCC_NO_COMMON_BLOCKS = YES;
				GCC_WARN_64_TO_32_BIT_CONVERSION = YES;
				GCC_WARN_ABOUT_RETURN_TYPE = YES_ERROR;
				GCC_WARN_UNDECLARED_SELECTOR = YES;
				GCC_WARN_UNINITIALIZED_AUTOS = YES_AGGRESSIVE;
				GCC_WARN_UNUSED_FUNCTION = YES;
				GCC_WARN_UNUSED_VARIABLE = YES;
				IPHONEOS_DEPLOYMENT_TARGET = 15.0;
				MTL_ENABLE_DEBUG_INFO = NO;
				MTL_FAST_MATH = YES;
				SDKROOT = iphoneos;
				SWIFT_COMPILATION_MODE = wholemodule;
				SWIFT_OPTIMIZATION_LEVEL = "-O";
				VALIDATE_PRODUCT = YES;
			};
			name = Release;
		};
		97BAEDEB272E4FB00060A049 /* Debug */ = {
			isa = XCBuildConfiguration;
			buildSettings = {
				ASSETCATALOG_COMPILER_APPICON_NAME = AppIcon;
				ASSETCATALOG_COMPILER_GLOBAL_ACCENT_COLOR_NAME = AccentColor;
				CODE_SIGN_STYLE = Automatic;
				CURRENT_PROJECT_VERSION = 1;
				DEVELOPMENT_TEAM = ZASN785PZQ;
				GENERATE_INFOPLIST_FILE = YES;
				INFOPLIST_FILE = TableViewApp/Info.plist;
				INFOPLIST_KEY_UIApplicationSupportsIndirectInputEvents = YES;
				INFOPLIST_KEY_UILaunchStoryboardName = LaunchScreen;
				INFOPLIST_KEY_UIMainStoryboardFile = Main;
				INFOPLIST_KEY_UISupportedInterfaceOrientations_iPad = "UIInterfaceOrientationPortrait UIInterfaceOrientationPortraitUpsideDown UIInterfaceOrientationLandscapeLeft UIInterfaceOrientationLandscapeRight";
				INFOPLIST_KEY_UISupportedInterfaceOrientations_iPhone = "UIInterfaceOrientationPortrait UIInterfaceOrientationLandscapeLeft UIInterfaceOrientationLandscapeRight";
				LD_RUNPATH_SEARCH_PATHS = (
					"$(inherited)",
					"@executable_path/Frameworks",
				);
				MARKETING_VERSION = 1.0;
				PRODUCT_BUNDLE_IDENTIFIER = jp.kawap.TableViewApp;
				PRODUCT_NAME = "$(TARGET_NAME)";
				SWIFT_EMIT_LOC_STRINGS = YES;
				SWIFT_VERSION = 5.0;
				TARGETED_DEVICE_FAMILY = "1,2";
			};
			name = Debug;
		};
		97BAEDEC272E4FB00060A049 /* Release */ = {
			isa = XCBuildConfiguration;
			buildSettings = {
				ASSETCATALOG_COMPILER_APPICON_NAME = AppIcon;
				ASSETCATALOG_COMPILER_GLOBAL_ACCENT_COLOR_NAME = AccentColor;
				CODE_SIGN_STYLE = Automatic;
				CURRENT_PROJECT_VERSION = 1;
				DEVELOPMENT_TEAM = ZASN785PZQ;
				GENERATE_INFOPLIST_FILE = YES;
				INFOPLIST_FILE = TableViewApp/Info.plist;
				INFOPLIST_KEY_UIApplicationSupportsIndirectInputEvents = YES;
				INFOPLIST_KEY_UILaunchStoryboardName = LaunchScreen;
				INFOPLIST_KEY_UIMainStoryboardFile = Main;
				INFOPLIST_KEY_UISupportedInterfaceOrientations_iPad = "UIInterfaceOrientationPortrait UIInterfaceOrientationPortraitUpsideDown UIInterfaceOrientationLandscapeLeft UIInterfaceOrientationLandscapeRight";
				INFOPLIST_KEY_UISupportedInterfaceOrientations_iPhone = "UIInterfaceOrientationPortrait UIInterfaceOrientationLandscapeLeft UIInterfaceOrientationLandscapeRight";
				LD_RUNPATH_SEARCH_PATHS = (
					"$(inherited)",
					"@executable_path/Frameworks",
				);
				MARKETING_VERSION = 1.0;
				PRODUCT_BUNDLE_IDENTIFIER = jp.kawap.TableViewApp;
				PRODUCT_NAME = "$(TARGET_NAME)";
				SWIFT_EMIT_LOC_STRINGS = YES;
				SWIFT_VERSION = 5.0;
				TARGETED_DEVICE_FAMILY = "1,2";
			};
			name = Release;
		};
		97BAEDEE272E4FB00060A049 /* Debug */ = {
			isa = XCBuildConfiguration;
			buildSettings = {
				ALWAYS_EMBED_SWIFT_STANDARD_LIBRARIES = YES;
				BUNDLE_LOADER = "$(TEST_HOST)";
				CODE_SIGN_STYLE = Automatic;
				CURRENT_PROJECT_VERSION = 1;
				DEVELOPMENT_TEAM = ZASN785PZQ;
				GENERATE_INFOPLIST_FILE = YES;
				IPHONEOS_DEPLOYMENT_TARGET = 15.0;
				LD_RUNPATH_SEARCH_PATHS = (
					"$(inherited)",
					"@executable_path/Frameworks",
					"@loader_path/Frameworks",
				);
				MARKETING_VERSION = 1.0;
				PRODUCT_BUNDLE_IDENTIFIER = jp.kawap.TableViewAppTests;
				PRODUCT_NAME = "$(TARGET_NAME)";
				SWIFT_EMIT_LOC_STRINGS = NO;
				SWIFT_VERSION = 5.0;
				TARGETED_DEVICE_FAMILY = "1,2";
				TEST_HOST = "$(BUILT_PRODUCTS_DIR)/TableViewApp.app/TableViewApp";
			};
			name = Debug;
		};
		97BAEDEF272E4FB00060A049 /* Release */ = {
			isa = XCBuildConfiguration;
			buildSettings = {
				ALWAYS_EMBED_SWIFT_STANDARD_LIBRARIES = YES;
				BUNDLE_LOADER = "$(TEST_HOST)";
				CODE_SIGN_STYLE = Automatic;
				CURRENT_PROJECT_VERSION = 1;
				DEVELOPMENT_TEAM = ZASN785PZQ;
				GENERATE_INFOPLIST_FILE = YES;
				IPHONEOS_DEPLOYMENT_TARGET = 15.0;
				LD_RUNPATH_SEARCH_PATHS = (
					"$(inherited)",
					"@executable_path/Frameworks",
					"@loader_path/Frameworks",
				);
				MARKETING_VERSION = 1.0;
				PRODUCT_BUNDLE_IDENTIFIER = jp.kawap.TableViewAppTests;
				PRODUCT_NAME = "$(TARGET_NAME)";
				SWIFT_EMIT_LOC_STRINGS = NO;
				SWIFT_VERSION = 5.0;
				TARGETED_DEVICE_FAMILY = "1,2";
				TEST_HOST = "$(BUILT_PRODUCTS_DIR)/TableViewApp.app/TableViewApp";
			};
			name = Release;
		};
		97BAEDF1272E4FB00060A049 /* Debug */ = {
			isa = XCBuildConfiguration;
			buildSettings = {
				ALWAYS_EMBED_SWIFT_STANDARD_LIBRARIES = YES;
				CODE_SIGN_STYLE = Automatic;
				CURRENT_PROJECT_VERSION = 1;
				DEVELOPMENT_TEAM = ZASN785PZQ;
				GENERATE_INFOPLIST_FILE = YES;
				LD_RUNPATH_SEARCH_PATHS = (
					"$(inherited)",
					"@executable_path/Frameworks",
					"@loader_path/Frameworks",
				);
				MARKETING_VERSION = 1.0;
				PRODUCT_BUNDLE_IDENTIFIER = jp.kawap.TableViewAppUITests;
				PRODUCT_NAME = "$(TARGET_NAME)";
				SWIFT_EMIT_LOC_STRINGS = NO;
				SWIFT_VERSION = 5.0;
				TARGETED_DEVICE_FAMILY = "1,2";
				TEST_TARGET_NAME = TableViewApp;
			};
			name = Debug;
		};
		97BAEDF2272E4FB00060A049 /* Release */ = {
			isa = XCBuildConfiguration;
			buildSettings = {
				ALWAYS_EMBED_SWIFT_STANDARD_LIBRARIES = YES;
				CODE_SIGN_STYLE = Automatic;
				CURRENT_PROJECT_VERSION = 1;
				DEVELOPMENT_TEAM = ZASN785PZQ;
				GENERATE_INFOPLIST_FILE = YES;
				LD_RUNPATH_SEARCH_PATHS = (
					"$(inherited)",
					"@executable_path/Frameworks",
					"@loader_path/Frameworks",
				);
				MARKETING_VERSION = 1.0;
				PRODUCT_BUNDLE_IDENTIFIER = jp.kawap.TableViewAppUITests;
				PRODUCT_NAME = "$(TARGET_NAME)";
				SWIFT_EMIT_LOC_STRINGS = NO;
				SWIFT_VERSION = 5.0;
				TARGETED_DEVICE_FAMILY = "1,2";
				TEST_TARGET_NAME = TableViewApp;
			};
			name = Release;
		};
/* End XCBuildConfiguration section */

/* Begin XCConfigurationList section */
		97BAEDBB272E4FAE0060A049 /* Build configuration list for PBXProject "TableViewApp" */ = {
			isa = XCConfigurationList;
			buildConfigurations = (
				97BAEDE8272E4FB00060A049 /* Debug */,
				97BAEDE9272E4FB00060A049 /* Release */,
			);
			defaultConfigurationIsVisible = 0;
			defaultConfigurationName = Release;
		};
		97BAEDEA272E4FB00060A049 /* Build configuration list for PBXNativeTarget "TableViewApp" */ = {
			isa = XCConfigurationList;
			buildConfigurations = (
				97BAEDEB272E4FB00060A049 /* Debug */,
				97BAEDEC272E4FB00060A049 /* Release */,
			);
			defaultConfigurationIsVisible = 0;
			defaultConfigurationName = Release;
		};
		97BAEDED272E4FB00060A049 /* Build configuration list for PBXNativeTarget "TableViewAppTests" */ = {
			isa = XCConfigurationList;
			buildConfigurations = (
				97BAEDEE272E4FB00060A049 /* Debug */,
				97BAEDEF272E4FB00060A049 /* Release */,
			);
			defaultConfigurationIsVisible = 0;
			defaultConfigurationName = Release;
		};
		97BAEDF0272E4FB00060A049 /* Build configuration list for PBXNativeTarget "TableViewAppUITests" */ = {
			isa = XCConfigurationList;
			buildConfigurations = (
				97BAEDF1272E4FB00060A049 /* Debug */,
				97BAEDF2272E4FB00060A049 /* Release */,
			);
			defaultConfigurationIsVisible = 0;
			defaultConfigurationName = Release;
		};
/* End XCConfigurationList section */
	};
	rootObject = 97BAEDB8272E4FAE0060A049 /* Project object */;
}
